
Microsoft Visual Studio Solution File, Format Version 12.00
# Visual Studio Version 17
VisualStudioVersion = 17.13.35806.99 d17.13
MinimumVisualStudioVersion = 10.0.40219.1
Project("{FAE04EC0-301F-11D3-BF4B-00C04F79EFBC}") = "eToursApp", "eToursApp\eToursApp.csproj", "{BAB3975A-E360-4A43-9AD5-CAC7AD51AADF}"
EndProject
Project("{FAE04EC0-301F-11D3-BF4B-00C04F79EFBC}") = "eToursSystem", "eToursSystem\eToursSystem.csproj", "{8588FDDE-04CD-4CD8-9957-0C028351BA33}"
EndProject
Global
	GlobalSection(SolutionConfigurationPlatforms) = preSolution
		Debug|Any CPU = Debug|Any CPU
		Release|Any CPU = Release|Any CPU
	EndGlobalSection
	GlobalSection(ProjectConfigurationPlatforms) = postSolution
		{BAB3975A-E360-4A43-9AD5-CAC7AD51AADF}.Debug|Any CPU.ActiveCfg = Debug|Any CPU
		{BAB3975A-E360-4A43-9AD5-CAC7AD51AADF}.Debug|Any CPU.Build.0 = Debug|Any CPU
		{BAB3975A-E360-4A43-9AD5-CAC7AD51AADF}.Release|Any CPU.ActiveCfg = Release|Any CPU
		{BAB3975A-E360-4A43-9AD5-CAC7AD51AADF}.Release|Any CPU.Build.0 = Release|Any CPU
		{8588FDDE-04CD-4CD8-9957-0C028351BA33}.Debug|Any CPU.ActiveCfg = Debug|Any CPU
		{8588FDDE-04CD-4CD8-9957-0C028351BA33}.Debug|Any CPU.Build.0 = Debug|Any CPU
		{8588FDDE-04CD-4CD8-9957-0C028351BA33}.Release|Any CPU.ActiveCfg = Release|Any CPU
		{8588FDDE-04CD-4CD8-9957-0C028351BA33}.Release|Any CPU.Build.0 = Release|Any CPU
	EndGlobalSection
	GlobalSection(SolutionProperties) = preSolution
		HideSolutionNode = FALSE
	EndGlobalSection
	GlobalSection(ExtensibilityGlobals) = postSolution
		SolutionGuid = {5A337E0E-9FA9-473C-85F9-21E2C32F5F7A}
	EndGlobalSection
EndGlobal
